
Microsoft Visual Studio Solution File, Format Version 12.00
# Visual Studio Version 16
VisualStudioVersion = 16.0.31424.327
MinimumVisualStudioVersion = 10.0.40219.1
Project("{9A19103F-16F7-4668-BE54-9A1E7A4F7556}") = "Discord-Infinite-Ping", "Discord-Infinite-Ping\Discord-Infinite-Ping.csproj", "{4F1ED11D-818A-4C6A-91CA-9CC5B0CBB769}"
EndProject
Global
	GlobalSection(SolutionConfigurationPlatforms) = preSolution
		Debug|Any CPU = Debug|Any CPU
		Debug|x86 = Debug|x86
		Release|Any CPU = Release|Any CPU
		Release|x86 = Release|x86
	EndGlobalSection
	GlobalSection(ProjectConfigurationPlatforms) = postSolution
		{4F1ED11D-818A-4C6A-91CA-9CC5B0CBB769}.Debug|Any CPU.ActiveCfg = Debug|Any CPU
		{4F1ED11D-818A-4C6A-91CA-9CC5B0CBB769}.Debug|Any CPU.Build.0 = Debug|Any CPU
		{4F1ED11D-818A-4C6A-91CA-9CC5B0CBB769}.Debug|x86.ActiveCfg = Debug|Any CPU
		{4F1ED11D-818A-4C6A-91CA-9CC5B0CBB769}.Debug|x86.Build.0 = Debug|Any CPU
		{4F1ED11D-818A-4C6A-91CA-9CC5B0CBB769}.Release|Any CPU.ActiveCfg = Release|Any CPU
		{4F1ED11D-818A-4C6A-91CA-9CC5B0CBB769}.Release|Any CPU.Build.0 = Release|Any CPU
		{4F1ED11D-818A-4C6A-91CA-9CC5B0CBB769}.Release|x86.ActiveCfg = Release|Any CPU
		{4F1ED11D-818A-4C6A-91CA-9CC5B0CBB769}.Release|x86.Build.0 = Release|Any CPU
	EndGlobalSection
	GlobalSection(SolutionProperties) = preSolution
		HideSolutionNode = FALSE
	EndGlobalSection
	GlobalSection(ExtensibilityGlobals) = postSolution
		SolutionGuid = {48C1F1E0-7F9A-4EC8-98CC-AB9C0B2FFE60}
	EndGlobalSection
EndGlobal
